
Microsoft Visual Studio Solution File, Format Version 12.00
# Visual Studio Version 16
VisualStudioVersion = 16.0.28803.352
MinimumVisualStudioVersion = 10.0.40219.1
Project("{FAE04EC0-301F-11D3-BF4B-00C04F79EFBC}") = "xadrez-console", "xadrez-console\xadrez-console.csproj", "{2DC71E81-ED22-44E4-B90B-C491E77C53D9}"
EndProject
Global
	GlobalSection(SolutionConfigurationPlatforms) = preSolution
		Debug|Any CPU = Debug|Any CPU
		Release|Any CPU = Release|Any CPU
	EndGlobalSection
	GlobalSection(ProjectConfigurationPlatforms) = postSolution
		{2DC71E81-ED22-44E4-B90B-C491E77C53D9}.Debug|Any CPU.ActiveCfg = Debug|Any CPU
		{2DC71E81-ED22-44E4-B90B-C491E77C53D9}.Debug|Any CPU.Build.0 = Debug|Any CPU
		{2DC71E81-ED22-44E4-B90B-C491E77C53D9}.Release|Any CPU.ActiveCfg = Release|Any CPU
		{2DC71E81-ED22-44E4-B90B-C491E77C53D9}.Release|Any CPU.Build.0 = Release|Any CPU
	EndGlobalSection
	GlobalSection(SolutionProperties) = preSolution
		HideSolutionNode = FALSE
	EndGlobalSection
	GlobalSection(ExtensibilityGlobals) = postSolution
		SolutionGuid = {4739053B-6C94-4855-A3B5-A0399A5FF8B3}
	EndGlobalSection
EndGlobal
